
Microsoft Visual Studio Solution File, Format Version 12.00
# Visual Studio 15
VisualStudioVersion = 15.0.27130.2024
MinimumVisualStudioVersion = 10.0.40219.1
Project("{FAE04EC0-301F-11D3-BF4B-00C04F79EFBC}") = "01. Sort Times", "01. Sort Times\01. Sort Times.csproj", "{02CC2B9D-5389-4B59-95A4-ABEDBEAFACAB}"
EndProject
Project("{FAE04EC0-301F-11D3-BF4B-00C04F79EFBC}") = "02. Odd Filter", "02. Odd Filter\02. Odd Filter.csproj", "{F30EB15D-6911-4371-8A67-E0BAD53D0AED}"
EndProject
Project("{FAE04EC0-301F-11D3-BF4B-00C04F79EFBC}") = "03. Immune System", "03. Immune System\03. Immune System.csproj", "{C0312C6D-F9D1-4C40-823C-900EC3F5419F}"
EndProject
Project("{FAE04EC0-301F-11D3-BF4B-00C04F79EFBC}") = "04. Supermarket Database", "04. Supermarket Database\04. Supermarket Database.csproj", "{F3009B97-9DF0-4B1B-8788-5E88229931DE}"
EndProject
Project("{FAE04EC0-301F-11D3-BF4B-00C04F79EFBC}") = "05. Parking Validation", "05. Parking Validation\05. Parking Validation.csproj", "{02E59D0B-0ADA-4AE4-B10E-AB09C44E6801}"
EndProject
Global
	GlobalSection(SolutionConfigurationPlatforms) = preSolution
		Debug|Any CPU = Debug|Any CPU
		Release|Any CPU = Release|Any CPU
	EndGlobalSection
	GlobalSection(ProjectConfigurationPlatforms) = postSolution
		{02CC2B9D-5389-4B59-95A4-ABEDBEAFACAB}.Debug|Any CPU.ActiveCfg = Debug|Any CPU
		{02CC2B9D-5389-4B59-95A4-ABEDBEAFACAB}.Debug|Any CPU.Build.0 = Debug|Any CPU
		{02CC2B9D-5389-4B59-95A4-ABEDBEAFACAB}.Release|Any CPU.ActiveCfg = Release|Any CPU
		{02CC2B9D-5389-4B59-95A4-ABEDBEAFACAB}.Release|Any CPU.Build.0 = Release|Any CPU
		{F30EB15D-6911-4371-8A67-E0BAD53D0AED}.Debug|Any CPU.ActiveCfg = Debug|Any CPU
		{F30EB15D-6911-4371-8A67-E0BAD53D0AED}.Debug|Any CPU.Build.0 = Debug|Any CPU
		{F30EB15D-6911-4371-8A67-E0BAD53D0AED}.Release|Any CPU.ActiveCfg = Release|Any CPU
		{F30EB15D-6911-4371-8A67-E0BAD53D0AED}.Release|Any CPU.Build.0 = Release|Any CPU
		{C0312C6D-F9D1-4C40-823C-900EC3F5419F}.Debug|Any CPU.ActiveCfg = Debug|Any CPU
		{C0312C6D-F9D1-4C40-823C-900EC3F5419F}.Debug|Any CPU.Build.0 = Debug|Any CPU
		{C0312C6D-F9D1-4C40-823C-900EC3F5419F}.Release|Any CPU.ActiveCfg = Release|Any CPU
		{C0312C6D-F9D1-4C40-823C-900EC3F5419F}.Release|Any CPU.Build.0 = Release|Any CPU
		{F3009B97-9DF0-4B1B-8788-5E88229931DE}.Debug|Any CPU.ActiveCfg = Debug|Any CPU
		{F3009B97-9DF0-4B1B-8788-5E88229931DE}.Debug|Any CPU.Build.0 = Debug|Any CPU
		{F3009B97-9DF0-4B1B-8788-5E88229931DE}.Release|Any CPU.ActiveCfg = Release|Any CPU
		{F3009B97-9DF0-4B1B-8788-5E88229931DE}.Release|Any CPU.Build.0 = Release|Any CPU
		{02E59D0B-0ADA-4AE4-B10E-AB09C44E6801}.Debug|Any CPU.ActiveCfg = Debug|Any CPU
		{02E59D0B-0ADA-4AE4-B10E-AB09C44E6801}.Debug|Any CPU.Build.0 = Debug|Any CPU
		{02E59D0B-0ADA-4AE4-B10E-AB09C44E6801}.Release|Any CPU.ActiveCfg = Release|Any CPU
		{02E59D0B-0ADA-4AE4-B10E-AB09C44E6801}.Release|Any CPU.Build.0 = Release|Any CPU
	EndGlobalSection
	GlobalSection(SolutionProperties) = preSolution
		HideSolutionNode = FALSE
	EndGlobalSection
	GlobalSection(ExtensibilityGlobals) = postSolution
		SolutionGuid = {709F5EFA-047F-4F8F-B344-AE80CB810613}
	EndGlobalSection
EndGlobal
