
Microsoft Visual Studio Solution File, Format Version 12.00
# Visual Studio 15
VisualStudioVersion = 15.0.27130.2024
MinimumVisualStudioVersion = 10.0.40219.1
Project("{FAE04EC0-301F-11D3-BF4B-00C04F79EFBC}") = "01. Type Boundaries", "01. Type Boundaries\01. Type Boundaries.csproj", "{D7187053-2AA4-4878-B741-B986037ED5DD}"
EndProject
Project("{FAE04EC0-301F-11D3-BF4B-00C04F79EFBC}") = "02. Number Checker", "02. Number Checker\02. Number Checker.csproj", "{5E78BD8B-56D0-4A5E-9B51-D330B6C2932D}"
EndProject
Project("{FAE04EC0-301F-11D3-BF4B-00C04F79EFBC}") = "03. Water Overflow", "03. Water Overflow\03. Water Overflow.csproj", "{0529A048-266B-4AFE-BA39-01203F96C72F}"
EndProject
Project("{FAE04EC0-301F-11D3-BF4B-00C04F79EFBC}") = "04. Tourist Information", "04. Tourist Information\04. Tourist Information.csproj", "{17832246-443C-46BE-A1FA-3A7D12ADF183}"
EndProject
Project("{FAE04EC0-301F-11D3-BF4B-00C04F79EFBC}") = "05. Weather Forecast", "05. Weather Forecast\05. Weather Forecast.csproj", "{D85B7F9B-8C07-4318-B34F-A2A5EA0EDC5E}"
EndProject
Project("{FAE04EC0-301F-11D3-BF4B-00C04F79EFBC}") = "06. Catch the Thief", "06. Catch the Thief\06. Catch the Thief.csproj", "{2FDE4488-9A3C-42D4-B822-0230E438B65F}"
EndProject
Project("{FAE04EC0-301F-11D3-BF4B-00C04F79EFBC}") = "07. Sentence the Thief", "07. Sentence the Thief\07. Sentence the Thief.csproj", "{07A3C352-8B76-4B00-BC82-A84437702A20}"
EndProject
Project("{FAE04EC0-301F-11D3-BF4B-00C04F79EFBC}") = "08. House Builder", "08. House Builder\08. House Builder.csproj", "{101244D9-8A0F-480D-9EC0-95E29A26A63C}"
EndProject
Project("{FAE04EC0-301F-11D3-BF4B-00C04F79EFBC}") = "09. Make a Word", "09. Make a Word\09. Make a Word.csproj", "{CBFF86BB-88E7-4277-AEE8-C4874B71D544}"
EndProject
Project("{FAE04EC0-301F-11D3-BF4B-00C04F79EFBC}") = "10. Sum of Chars", "10. Sum of Chars\10. Sum of Chars.csproj", "{5E4FAC11-CBCC-421B-B1AC-3F8D4C4BF7AD}"
EndProject
Project("{FAE04EC0-301F-11D3-BF4B-00C04F79EFBC}") = "11. String Concatenation", "11. String Concatenation\11. String Concatenation.csproj", "{476F6C92-262E-41F1-84D1-B084141E4BA5}"
EndProject
Project("{FAE04EC0-301F-11D3-BF4B-00C04F79EFBC}") = "12. Beer Kegs", "12. Beer Kegs\12. Beer Kegs.csproj", "{E0B26BAC-9F26-48AF-8A29-6C12FC914591}"
EndProject
Project("{FAE04EC0-301F-11D3-BF4B-00C04F79EFBC}") = "13. Decrypting Messages", "13. Decrypting Messages\13. Decrypting Messages.csproj", "{D600FA3F-7C40-4801-AFA4-8A96C0057B5A}"
EndProject
Project("{FAE04EC0-301F-11D3-BF4B-00C04F79EFBC}") = "14. Boat Simulator", "14. Boat Simulator\14. Boat Simulator.csproj", "{4ECB47B3-493E-437E-835A-4981960A59E1}"
EndProject
Project("{FAE04EC0-301F-11D3-BF4B-00C04F79EFBC}") = "15. Balanced Brackets", "15. Balanced Brackets\15. Balanced Brackets.csproj", "{D951803B-DD05-48D5-8B4A-67475F9269C2}"
EndProject
Global
	GlobalSection(SolutionConfigurationPlatforms) = preSolution
		Debug|Any CPU = Debug|Any CPU
		Release|Any CPU = Release|Any CPU
	EndGlobalSection
	GlobalSection(ProjectConfigurationPlatforms) = postSolution
		{D7187053-2AA4-4878-B741-B986037ED5DD}.Debug|Any CPU.ActiveCfg = Debug|Any CPU
		{D7187053-2AA4-4878-B741-B986037ED5DD}.Debug|Any CPU.Build.0 = Debug|Any CPU
		{D7187053-2AA4-4878-B741-B986037ED5DD}.Release|Any CPU.ActiveCfg = Release|Any CPU
		{D7187053-2AA4-4878-B741-B986037ED5DD}.Release|Any CPU.Build.0 = Release|Any CPU
		{5E78BD8B-56D0-4A5E-9B51-D330B6C2932D}.Debug|Any CPU.ActiveCfg = Debug|Any CPU
		{5E78BD8B-56D0-4A5E-9B51-D330B6C2932D}.Debug|Any CPU.Build.0 = Debug|Any CPU
		{5E78BD8B-56D0-4A5E-9B51-D330B6C2932D}.Release|Any CPU.ActiveCfg = Release|Any CPU
		{5E78BD8B-56D0-4A5E-9B51-D330B6C2932D}.Release|Any CPU.Build.0 = Release|Any CPU
		{0529A048-266B-4AFE-BA39-01203F96C72F}.Debug|Any CPU.ActiveCfg = Debug|Any CPU
		{0529A048-266B-4AFE-BA39-01203F96C72F}.Debug|Any CPU.Build.0 = Debug|Any CPU
		{0529A048-266B-4AFE-BA39-01203F96C72F}.Release|Any CPU.ActiveCfg = Release|Any CPU
		{0529A048-266B-4AFE-BA39-01203F96C72F}.Release|Any CPU.Build.0 = Release|Any CPU
		{17832246-443C-46BE-A1FA-3A7D12ADF183}.Debug|Any CPU.ActiveCfg = Debug|Any CPU
		{17832246-443C-46BE-A1FA-3A7D12ADF183}.Debug|Any CPU.Build.0 = Debug|Any CPU
		{17832246-443C-46BE-A1FA-3A7D12ADF183}.Release|Any CPU.ActiveCfg = Release|Any CPU
		{17832246-443C-46BE-A1FA-3A7D12ADF183}.Release|Any CPU.Build.0 = Release|Any CPU
		{D85B7F9B-8C07-4318-B34F-A2A5EA0EDC5E}.Debug|Any CPU.ActiveCfg = Debug|Any CPU
		{D85B7F9B-8C07-4318-B34F-A2A5EA0EDC5E}.Debug|Any CPU.Build.0 = Debug|Any CPU
		{D85B7F9B-8C07-4318-B34F-A2A5EA0EDC5E}.Release|Any CPU.ActiveCfg = Release|Any CPU
		{D85B7F9B-8C07-4318-B34F-A2A5EA0EDC5E}.Release|Any CPU.Build.0 = Release|Any CPU
		{2FDE4488-9A3C-42D4-B822-0230E438B65F}.Debug|Any CPU.ActiveCfg = Debug|Any CPU
		{2FDE4488-9A3C-42D4-B822-0230E438B65F}.Debug|Any CPU.Build.0 = Debug|Any CPU
		{2FDE4488-9A3C-42D4-B822-0230E438B65F}.Release|Any CPU.ActiveCfg = Release|Any CPU
		{2FDE4488-9A3C-42D4-B822-0230E438B65F}.Release|Any CPU.Build.0 = Release|Any CPU
		{07A3C352-8B76-4B00-BC82-A84437702A20}.Debug|Any CPU.ActiveCfg = Debug|Any CPU
		{07A3C352-8B76-4B00-BC82-A84437702A20}.Debug|Any CPU.Build.0 = Debug|Any CPU
		{07A3C352-8B76-4B00-BC82-A84437702A20}.Release|Any CPU.ActiveCfg = Release|Any CPU
		{07A3C352-8B76-4B00-BC82-A84437702A20}.Release|Any CPU.Build.0 = Release|Any CPU
		{101244D9-8A0F-480D-9EC0-95E29A26A63C}.Debug|Any CPU.ActiveCfg = Debug|Any CPU
		{101244D9-8A0F-480D-9EC0-95E29A26A63C}.Debug|Any CPU.Build.0 = Debug|Any CPU
		{101244D9-8A0F-480D-9EC0-95E29A26A63C}.Release|Any CPU.ActiveCfg = Release|Any CPU
		{101244D9-8A0F-480D-9EC0-95E29A26A63C}.Release|Any CPU.Build.0 = Release|Any CPU
		{CBFF86BB-88E7-4277-AEE8-C4874B71D544}.Debug|Any CPU.ActiveCfg = Debug|Any CPU
		{CBFF86BB-88E7-4277-AEE8-C4874B71D544}.Debug|Any CPU.Build.0 = Debug|Any CPU
		{CBFF86BB-88E7-4277-AEE8-C4874B71D544}.Release|Any CPU.ActiveCfg = Release|Any CPU
		{CBFF86BB-88E7-4277-AEE8-C4874B71D544}.Release|Any CPU.Build.0 = Release|Any CPU
		{5E4FAC11-CBCC-421B-B1AC-3F8D4C4BF7AD}.Debug|Any CPU.ActiveCfg = Debug|Any CPU
		{5E4FAC11-CBCC-421B-B1AC-3F8D4C4BF7AD}.Debug|Any CPU.Build.0 = Debug|Any CPU
		{5E4FAC11-CBCC-421B-B1AC-3F8D4C4BF7AD}.Release|Any CPU.ActiveCfg = Release|Any CPU
		{5E4FAC11-CBCC-421B-B1AC-3F8D4C4BF7AD}.Release|Any CPU.Build.0 = Release|Any CPU
		{476F6C92-262E-41F1-84D1-B084141E4BA5}.Debug|Any CPU.ActiveCfg = Debug|Any CPU
		{476F6C92-262E-41F1-84D1-B084141E4BA5}.Debug|Any CPU.Build.0 = Debug|Any CPU
		{476F6C92-262E-41F1-84D1-B084141E4BA5}.Release|Any CPU.ActiveCfg = Release|Any CPU
		{476F6C92-262E-41F1-84D1-B084141E4BA5}.Release|Any CPU.Build.0 = Release|Any CPU
		{E0B26BAC-9F26-48AF-8A29-6C12FC914591}.Debug|Any CPU.ActiveCfg = Debug|Any CPU
		{E0B26BAC-9F26-48AF-8A29-6C12FC914591}.Debug|Any CPU.Build.0 = Debug|Any CPU
		{E0B26BAC-9F26-48AF-8A29-6C12FC914591}.Release|Any CPU.ActiveCfg = Release|Any CPU
		{E0B26BAC-9F26-48AF-8A29-6C12FC914591}.Release|Any CPU.Build.0 = Release|Any CPU
		{D600FA3F-7C40-4801-AFA4-8A96C0057B5A}.Debug|Any CPU.ActiveCfg = Debug|Any CPU
		{D600FA3F-7C40-4801-AFA4-8A96C0057B5A}.Debug|Any CPU.Build.0 = Debug|Any CPU
		{D600FA3F-7C40-4801-AFA4-8A96C0057B5A}.Release|Any CPU.ActiveCfg = Release|Any CPU
		{D600FA3F-7C40-4801-AFA4-8A96C0057B5A}.Release|Any CPU.Build.0 = Release|Any CPU
		{4ECB47B3-493E-437E-835A-4981960A59E1}.Debug|Any CPU.ActiveCfg = Debug|Any CPU
		{4ECB47B3-493E-437E-835A-4981960A59E1}.Debug|Any CPU.Build.0 = Debug|Any CPU
		{4ECB47B3-493E-437E-835A-4981960A59E1}.Release|Any CPU.ActiveCfg = Release|Any CPU
		{4ECB47B3-493E-437E-835A-4981960A59E1}.Release|Any CPU.Build.0 = Release|Any CPU
		{D951803B-DD05-48D5-8B4A-67475F9269C2}.Debug|Any CPU.ActiveCfg = Debug|Any CPU
		{D951803B-DD05-48D5-8B4A-67475F9269C2}.Debug|Any CPU.Build.0 = Debug|Any CPU
		{D951803B-DD05-48D5-8B4A-67475F9269C2}.Release|Any CPU.ActiveCfg = Release|Any CPU
		{D951803B-DD05-48D5-8B4A-67475F9269C2}.Release|Any CPU.Build.0 = Release|Any CPU
	EndGlobalSection
	GlobalSection(SolutionProperties) = preSolution
		HideSolutionNode = FALSE
	EndGlobalSection
	GlobalSection(ExtensibilityGlobals) = postSolution
		SolutionGuid = {8E7BC72B-B4E4-4124-A56C-A6EFCE44E69A}
	EndGlobalSection
EndGlobal
